// !$*UTF8*$!
{
	archiveVersion = 1;
	classes = {
	};
	objectVersion = 50;
	objects = {

/* Begin PBXBuildFile section */
		08A2A0D922CA796A00AE9915 /* AppDelegate.swift in Sources */ = {isa = PBXBuildFile; fileRef = 08A2A0D822CA796A00AE9915 /* AppDelegate.swift */; };
		08A2A0DE22CA796A00AE9915 /* Main.storyboard in Resources */ = {isa = PBXBuildFile; fileRef = 08A2A0DC22CA796A00AE9915 /* Main.storyboard */; };
		08A2A0E022CA796A00AE9915 /* Assets.xcassets in Resources */ = {isa = PBXBuildFile; fileRef = 08A2A0DF22CA796A00AE9915 /* Assets.xcassets */; };
		08A2A0E322CA796A00AE9915 /* LaunchScreen.storyboard in Resources */ = {isa = PBXBuildFile; fileRef = 08A2A0E122CA796A00AE9915 /* LaunchScreen.storyboard */; };
		08A2A0EB22CA7D5000AE9915 /* CatalogViewController.swift in Sources */ = {isa = PBXBuildFile; fileRef = 08A2A0EA22CA7D5000AE9915 /* CatalogViewController.swift */; };
		08A2A0EE22CA838700AE9915 /* ItemCollectionViewCell.swift in Sources */ = {isa = PBXBuildFile; fileRef = 08A2A0EC22CA838700AE9915 /* ItemCollectionViewCell.swift */; };
		08A2A0EF22CA838700AE9915 /* ItemCollectionViewCell.xib in Resources */ = {isa = PBXBuildFile; fileRef = 08A2A0ED22CA838700AE9915 /* ItemCollectionViewCell.xib */; };
		08A2A0F122CA8F6400AE9915 /* CartViewController.swift in Sources */ = {isa = PBXBuildFile; fileRef = 08A2A0F022CA8F6400AE9915 /* CartViewController.swift */; };
		08A2A0F322CA8FA000AE9915 /* ItemViewController.swift in Sources */ = {isa = PBXBuildFile; fileRef = 08A2A0F222CA8FA000AE9915 /* ItemViewController.swift */; };
		08F247E122CAA12A00A15403 /* CartItemTableViewCell.swift in Sources */ = {isa = PBXBuildFile; fileRef = 08F247DF22CAA12A00A15403 /* CartItemTableViewCell.swift */; };
		08F247E222CAA12A00A15403 /* CartItemTableViewCell.xib in Resources */ = {isa = PBXBuildFile; fileRef = 08F247E022CAA12A00A15403 /* CartItemTableViewCell.xib */; };
/* End PBXBuildFile section */

/* Begin PBXFileReference section */
		08A2A0D522CA796A00AE9915 /* online-shop.app */ = {isa = PBXFileReference; explicitFileType = wrapper.application; includeInIndex = 0; path = "online-shop.app"; sourceTree = BUILT_PRODUCTS_DIR; };
		08A2A0D822CA796A00AE9915 /* AppDelegate.swift */ = {isa = PBXFileReference; lastKnownFileType = sourcecode.swift; path = AppDelegate.swift; sourceTree = "<group>"; };
		08A2A0DD22CA796A00AE9915 /* Base */ = {isa = PBXFileReference; lastKnownFileType = file.storyboard; name = Base; path = Base.lproj/Main.storyboard; sourceTree = "<group>"; };
		08A2A0DF22CA796A00AE9915 /* Assets.xcassets */ = {isa = PBXFileReference; lastKnownFileType = folder.assetcatalog; path = Assets.xcassets; sourceTree = "<group>"; };
		08A2A0E222CA796A00AE9915 /* Base */ = {isa = PBXFileReference; lastKnownFileType = file.storyboard; name = Base; path = Base.lproj/LaunchScreen.storyboard; sourceTree = "<group>"; };
		08A2A0E422CA796A00AE9915 /* Info.plist */ = {isa = PBXFileReference; lastKnownFileType = text.plist.xml; path = Info.plist; sourceTree = "<group>"; };
		08A2A0EA22CA7D5000AE9915 /* CatalogViewController.swift */ = {isa = PBXFileReference; lastKnownFileType = sourcecode.swift; path = CatalogViewController.swift; sourceTree = "<group>"; };
		08A2A0EC22CA838700AE9915 /* ItemCollectionViewCell.swift */ = {isa = PBXFileReference; lastKnownFileType = sourcecode.swift; path = ItemCollectionViewCell.swift; sourceTree = "<group>"; };
		08A2A0ED22CA838700AE9915 /* ItemCollectionViewCell.xib */ = {isa = PBXFileReference; lastKnownFileType = file.xib; path = ItemCollectionViewCell.xib; sourceTree = "<group>"; };
		08A2A0F022CA8F6400AE9915 /* CartViewController.swift */ = {isa = PBXFileReference; lastKnownFileType = sourcecode.swift; path = CartViewController.swift; sourceTree = "<group>"; };
		08A2A0F222CA8FA000AE9915 /* ItemViewController.swift */ = {isa = PBXFileReference; lastKnownFileType = sourcecode.swift; path = ItemViewController.swift; sourceTree = "<group>"; };
		08F247DF22CAA12A00A15403 /* CartItemTableViewCell.swift */ = {isa = PBXFileReference; lastKnownFileType = sourcecode.swift; path = CartItemTableViewCell.swift; sourceTree = "<group>"; };
		08F247E022CAA12A00A15403 /* CartItemTableViewCell.xib */ = {isa = PBXFileReference; lastKnownFileType = file.xib; path = CartItemTableViewCell.xib; sourceTree = "<group>"; };
/* End PBXFileReference section */

/* Begin PBXFrameworksBuildPhase section */
		08A2A0D222CA796A00AE9915 /* Frameworks */ = {
			isa = PBXFrameworksBuildPhase;
			buildActionMask = 2147483647;
			files = (
			);
			runOnlyForDeploymentPostprocessing = 0;
		};
/* End PBXFrameworksBuildPhase section */

/* Begin PBXGroup section */
		08A2A0CC22CA796A00AE9915 = {
			isa = PBXGroup;
			children = (
				08A2A0D722CA796A00AE9915 /* online-shop */,
				08A2A0D622CA796A00AE9915 /* Products */,
			);
			sourceTree = "<group>";
		};
		08A2A0D622CA796A00AE9915 /* Products */ = {
			isa = PBXGroup;
			children = (
				08A2A0D522CA796A00AE9915 /* online-shop.app */,
			);
			name = Products;
			sourceTree = "<group>";
		};
		08A2A0D722CA796A00AE9915 /* online-shop */ = {
			isa = PBXGroup;
			children = (
				08A2A0D822CA796A00AE9915 /* AppDelegate.swift */,
				08A2A0DC22CA796A00AE9915 /* Main.storyboard */,
				08A2A0DF22CA796A00AE9915 /* Assets.xcassets */,
				08A2A0E122CA796A00AE9915 /* LaunchScreen.storyboard */,
				08A2A0E422CA796A00AE9915 /* Info.plist */,
				08A2A0EA22CA7D5000AE9915 /* CatalogViewController.swift */,
				08A2A0EC22CA838700AE9915 /* ItemCollectionViewCell.swift */,
				08A2A0ED22CA838700AE9915 /* ItemCollectionViewCell.xib */,
				08A2A0F022CA8F6400AE9915 /* CartViewController.swift */,
				08F247DF22CAA12A00A15403 /* CartItemTableViewCell.swift */,
				08F247E022CAA12A00A15403 /* CartItemTableViewCell.xib */,
				08A2A0F222CA8FA000AE9915 /* ItemViewController.swift */,
			);
			path = "online-shop";
			sourceTree = "<group>";
		};
/* End PBXGroup section */

/* Begin PBXNativeTarget section */
		08A2A0D422CA796A00AE9915 /* online-shop */ = {
			isa = PBXNativeTarget;
			buildConfigurationList = 08A2A0E722CA796A00AE9915 /* Build configuration list for PBXNativeTarget "online-shop" */;
			buildPhases = (
				08A2A0D122CA796A00AE9915 /* Sources */,
				08A2A0D222CA796A00AE9915 /* Frameworks */,
				08A2A0D322CA796A00AE9915 /* Resources */,
			);
			buildRules = (
			);
			dependencies = (
			);
			name = "online-shop";
			productName = "online-shop";
			productReference = 08A2A0D522CA796A00AE9915 /* online-shop.app */;
			productType = "com.apple.product-type.application";
		};
/* End PBXNativeTarget section */

/* Begin PBXProject section */
		08A2A0CD22CA796A00AE9915 /* Project object */ = {
			isa = PBXProject;
			attributes = {
				LastSwiftUpdateCheck = 1020;
				LastUpgradeCheck = 1020;
				ORGANIZATIONNAME = Ostrenkiy;
				TargetAttributes = {
					08A2A0D422CA796A00AE9915 = {
						CreatedOnToolsVersion = 10.2.1;
					};
				};
			};
			buildConfigurationList = 08A2A0D022CA796A00AE9915 /* Build configuration list for PBXProject "online-shop" */;
			compatibilityVersion = "Xcode 9.3";
			developmentRegion = en;
			hasScannedForEncodings = 0;
			knownRegions = (
				en,
				Base,
			);
			mainGroup = 08A2A0CC22CA796A00AE9915;
			productRefGroup = 08A2A0D622CA796A00AE9915 /* Products */;
			projectDirPath = "";
			projectRoot = "";
			targets = (
				08A2A0D422CA796A00AE9915 /* online-shop */,
			);
		};
/* End PBXProject section */

/* Begin PBXResourcesBuildPhase section */
		08A2A0D322CA796A00AE9915 /* Resources */ = {
			isa = PBXResourcesBuildPhase;
			buildActionMask = 2147483647;
			files = (
				08A2A0E322CA796A00AE9915 /* LaunchScreen.storyboard in Resources */,
				08A2A0EF22CA838700AE9915 /* ItemCollectionViewCell.xib in Resources */,
				08A2A0E022CA796A00AE9915 /* Assets.xcassets in Resources */,
				08F247E222CAA12A00A15403 /* CartItemTableViewCell.xib in Resources */,
				08A2A0DE22CA796A00AE9915 /* Main.storyboard in Resources */,
			);
			runOnlyForDeploymentPostprocessing = 0;
		};
/* End PBXResourcesBuildPhase section */

/* Begin PBXSourcesBuildPhase section */
		08A2A0D122CA796A00AE9915 /* Sources */ = {
			isa = PBXSourcesBuildPhase;
			buildActionMask = 2147483647;
			files = (
				08A2A0F122CA8F6400AE9915 /* CartViewController.swift in Sources */,
				08A2A0EE22CA838700AE9915 /* ItemCollectionViewCell.swift in Sources */,
				08F247E122CAA12A00A15403 /* CartItemTableViewCell.swift in Sources */,
				08A2A0F322CA8FA000AE9915 /* ItemViewController.swift in Sources */,
				08A2A0EB22CA7D5000AE9915 /* CatalogViewController.swift in Sources */,
				08A2A0D922CA796A00AE9915 /* AppDelegate.swift in Sources */,
			);
			runOnlyForDeploymentPostprocessing = 0;
		};
/* End PBXSourcesBuildPhase section */

/* Begin PBXVariantGroup section */
		08A2A0DC22CA796A00AE9915 /* Main.storyboard */ = {
			isa = PBXVariantGroup;
			children = (
				08A2A0DD22CA796A00AE9915 /* Base */,
			);
			name = Main.storyboard;
			sourceTree = "<group>";
		};
		08A2A0E122CA796A00AE9915 /* LaunchScreen.storyboard */ = {
			isa = PBXVariantGroup;
			children = (
				08A2A0E222CA796A00AE9915 /* Base */,
			);
			name = LaunchScreen.storyboard;
			sourceTree = "<group>";
		};
/* End PBXVariantGroup section */

/* Begin XCBuildConfiguration section */
		08A2A0E522CA796A00AE9915 /* Debug */ = {
			isa = XCBuildConfiguration;
			buildSettings = {
				ALWAYS_SEARCH_USER_PATHS = NO;
				CLANG_ANALYZER_NONNULL = YES;
				CLANG_ANALYZER_NUMBER_OBJECT_CONVERSION = YES_AGGRESSIVE;
				CLANG_CXX_LANGUAGE_STANDARD = "gnu++14";
				CLANG_CXX_LIBRARY = "libc++";
				CLANG_ENABLE_MODULES = YES;
				CLANG_ENABLE_OBJC_ARC = YES;
				CLANG_ENABLE_OBJC_WEAK = YES;
				CLANG_WARN_BLOCK_CAPTURE_AUTORELEASING = YES;
				CLANG_WARN_BOOL_CONVERSION = YES;
				CLANG_WARN_COMMA = YES;
				CLANG_WARN_CONSTANT_CONVERSION = YES;
				CLANG_WARN_DEPRECATED_OBJC_IMPLEMENTATIONS = YES;
				CLANG_WARN_DIRECT_OBJC_ISA_USAGE = YES_ERROR;
				CLANG_WARN_DOCUMENTATION_COMMENTS = YES;
				CLANG_WARN_EMPTY_BODY = YES;
				CLANG_WARN_ENUM_CONVERSION = YES;
				CLANG_WARN_INFINITE_RECURSION = YES;
				CLANG_WARN_INT_CONVERSION = YES;
				CLANG_WARN_NON_LITERAL_NULL_CONVERSION = YES;
				CLANG_WARN_OBJC_IMPLICIT_RETAIN_SELF = YES;
				CLANG_WARN_OBJC_LITERAL_CONVERSION = YES;
				CLANG_WARN_OBJC_ROOT_CLASS = YES_ERROR;
				CLANG_WARN_RANGE_LOOP_ANALYSIS = YES;
				CLANG_WARN_STRICT_PROTOTYPES = YES;
				CLANG_WARN_SUSPICIOUS_MOVE = YES;
				CLANG_WARN_UNGUARDED_AVAILABILITY = YES_AGGRESSIVE;
				CLANG_WARN_UNREACHABLE_CODE = YES;
				CLANG_WARN__DUPLICATE_METHOD_MATCH = YES;
				CODE_SIGN_IDENTITY = "iPhone Developer";
				COPY_PHASE_STRIP = NO;
				DEBUG_INFORMATION_FORMAT = dwarf;
				ENABLE_STRICT_OBJC_MSGSEND = YES;
				ENABLE_TESTABILITY = YES;
				GCC_C_LANGUAGE_STANDARD = gnu11;
				GCC_DYNAMIC_NO_PIC = NO;
				GCC_NO_COMMON_BLOCKS = YES;
				GCC_OPTIMIZATION_LEVEL = 0;
				GCC_PREPROCESSOR_DEFINITIONS = (
					"DEBUG=1",
					"$(inherited)",
				);
				GCC_WARN_64_TO_32_BIT_CONVERSION = YES;
				GCC_WARN_ABOUT_RETURN_TYPE = YES_ERROR;
				GCC_WARN_UNDECLARED_SELECTOR = YES;
				GCC_WARN_UNINITIALIZED_AUTOS = YES_AGGRESSIVE;
				GCC_WARN_UNUSED_FUNCTION = YES;
				GCC_WARN_UNUSED_VARIABLE = YES;
				IPHONEOS_DEPLOYMENT_TARGET = 12.2;
				MTL_ENABLE_DEBUG_INFO = INCLUDE_SOURCE;
				MTL_FAST_MATH = YES;
				ONLY_ACTIVE_ARCH = YES;
				SDKROOT = iphoneos;
				SWIFT_ACTIVE_COMPILATION_CONDITIONS = DEBUG;
				SWIFT_OPTIMIZATION_LEVEL = "-Onone";
			};
			name = Debug;
		};
		08A2A0E622CA796A00AE9915 /* Release */ = {
			isa = XCBuildConfiguration;
			buildSettings = {
				ALWAYS_SEARCH_USER_PATHS = NO;
				CLANG_ANALYZER_NONNULL = YES;
				CLANG_ANALYZER_NUMBER_OBJECT_CONVERSION = YES_AGGRESSIVE;
				CLANG_CXX_LANGUAGE_STANDARD = "gnu++14";
				CLANG_CXX_LIBRARY = "libc++";
				CLANG_ENABLE_MODULES = YES;
				CLANG_ENABLE_OBJC_ARC = YES;
				CLANG_ENABLE_OBJC_WEAK = YES;
				CLANG_WARN_BLOCK_CAPTURE_AUTORELEASING = YES;
				CLANG_WARN_BOOL_CONVERSION = YES;
				CLANG_WARN_COMMA = YES;
				CLANG_WARN_CONSTANT_CONVERSION = YES;
				CLANG_WARN_DEPRECATED_OBJC_IMPLEMENTATIONS = YES;
				CLANG_WARN_DIRECT_OBJC_ISA_USAGE = YES_ERROR;
				CLANG_WARN_DOCUMENTATION_COMMENTS = YES;
				CLANG_WARN_EMPTY_BODY = YES;
				CLANG_WARN_ENUM_CONVERSION = YES;
				CLANG_WARN_INFINITE_RECURSION = YES;
				CLANG_WARN_INT_CONVERSION = YES;
				CLANG_WARN_NON_LITERAL_NULL_CONVERSION = YES;
				CLANG_WARN_OBJC_IMPLICIT_RETAIN_SELF = YES;
				CLANG_WARN_OBJC_LITERAL_CONVERSION = YES;
				CLANG_WARN_OBJC_ROOT_CLASS = YES_ERROR;
				CLANG_WARN_RANGE_LOOP_ANALYSIS = YES;
				CLANG_WARN_STRICT_PROTOTYPES = YES;
				CLANG_WARN_SUSPICIOUS_MOVE = YES;
				CLANG_WARN_UNGUARDED_AVAILABILITY = YES_AGGRESSIVE;
				CLANG_WARN_UNREACHABLE_CODE = YES;
				CLANG_WARN__DUPLICATE_METHOD_MATCH = YES;
				CODE_SIGN_IDENTITY = "iPhone Developer";
				COPY_PHASE_STRIP = NO;
				DEBUG_INFORMATION_FORMAT = "dwarf-with-dsym";
				ENABLE_NS_ASSERTIONS = NO;
				ENABLE_STRICT_OBJC_MSGSEND = YES;
				GCC_C_LANGUAGE_STANDARD = gnu11;
				GCC_NO_COMMON_BLOCKS = YES;
				GCC_WARN_64_TO_32_BIT_CONVERSION = YES;
				GCC_WARN_ABOUT_RETURN_TYPE = YES_ERROR;
				GCC_WARN_UNDECLARED_SELECTOR = YES;
				GCC_WARN_UNINITIALIZED_AUTOS = YES_AGGRESSIVE;
				GCC_WARN_UNUSED_FUNCTION = YES;
				GCC_WARN_UNUSED_VARIABLE = YES;
				IPHONEOS_DEPLOYMENT_TARGET = 12.2;
				MTL_ENABLE_DEBUG_INFO = NO;
				MTL_FAST_MATH = YES;
				SDKROOT = iphoneos;
				SWIFT_COMPILATION_MODE = wholemodule;
				SWIFT_OPTIMIZATION_LEVEL = "-O";
				VALIDATE_PRODUCT = YES;
			};
			name = Release;
		};
		08A2A0E822CA796A00AE9915 /* Debug */ = {
			isa = XCBuildConfiguration;
			buildSettings = {
				ASSETCATALOG_COMPILER_APPICON_NAME = AppIcon;
				CODE_SIGN_STYLE = Automatic;
				INFOPLIST_FILE = "online-shop/Info.plist";
				LD_RUNPATH_SEARCH_PATHS = (
					"$(inherited)",
					"@executable_path/Frameworks",
				);
				PRODUCT_BUNDLE_IDENTIFIER = "test.ostrenkiy.online-shop";
				PRODUCT_NAME = "$(TARGET_NAME)";
				SWIFT_VERSION = 5.0;
				TARGETED_DEVICE_FAMILY = "1,2";
			};
			name = Debug;
		};
		08A2A0E922CA796A00AE9915 /* Release */ = {
			isa = XCBuildConfiguration;
			buildSettings = {
				ASSETCATALOG_COMPILER_APPICON_NAME = AppIcon;
				CODE_SIGN_STYLE = Automatic;
				INFOPLIST_FILE = "online-shop/Info.plist";
				LD_RUNPATH_SEARCH_PATHS = (
					"$(inherited)",
					"@executable_path/Frameworks",
				);
				PRODUCT_BUNDLE_IDENTIFIER = "test.ostrenkiy.online-shop";
				PRODUCT_NAME = "$(TARGET_NAME)";
				SWIFT_VERSION = 5.0;
				TARGETED_DEVICE_FAMILY = "1,2";
			};
			name = Release;
		};
/* End XCBuildConfiguration section */

/* Begin XCConfigurationList section */
		08A2A0D022CA796A00AE9915 /* Build configuration list for PBXProject "online-shop" */ = {
			isa = XCConfigurationList;
			buildConfigurations = (
				08A2A0E522CA796A00AE9915 /* Debug */,
				08A2A0E622CA796A00AE9915 /* Release */,
			);
			defaultConfigurationIsVisible = 0;
			defaultConfigurationName = Release;
		};
		08A2A0E722CA796A00AE9915 /* Build configuration list for PBXNativeTarget "online-shop" */ = {
			isa = XCConfigurationList;
			buildConfigurations = (
				08A2A0E822CA796A00AE9915 /* Debug */,
				08A2A0E922CA796A00AE9915 /* Release */,
			);
			defaultConfigurationIsVisible = 0;
			defaultConfigurationName = Release;
		};
/* End XCConfigurationList section */
	};
	rootObject = 08A2A0CD22CA796A00AE9915 /* Project object */;
}
